// !$*UTF8*$!
{
	archiveVersion = 1;
	classes = {
	};
	objectVersion = 50;
	objects = {

/* Begin PBXBuildFile section */
		2DDECB5E224AF188008A39EE /* Assets.xcassets in Resources */ = {isa = PBXBuildFile; fileRef = 2DDECB5D224AF188008A39EE /* Assets.xcassets */; };
		2DDECB61224AF188008A39EE /* LaunchScreen.storyboard in Resources */ = {isa = PBXBuildFile; fileRef = 2DDECB5F224AF188008A39EE /* LaunchScreen.storyboard */; };
		2DDECB69224AF1B2008A39EE /* AppDelegate.swift in Sources */ = {isa = PBXBuildFile; fileRef = 2DDECB68224AF1B2008A39EE /* AppDelegate.swift */; };
		2DDECB6B224AF1DD008A39EE /* ViewController.swift in Sources */ = {isa = PBXBuildFile; fileRef = 2DDECB6A224AF1DD008A39EE /* ViewController.swift */; };
		2DDECB6D224AF1F2008A39EE /* DetailViewController.swift in Sources */ = {isa = PBXBuildFile; fileRef = 2DDECB6C224AF1F2008A39EE /* DetailViewController.swift */; };
		2DDECB6F224AF1FA008A39EE /* Picture.swift in Sources */ = {isa = PBXBuildFile; fileRef = 2DDECB6E224AF1FA008A39EE /* Picture.swift */; };
		2DDECB71224AF1FE008A39EE /* Main.storyboard in Resources */ = {isa = PBXBuildFile; fileRef = 2DDECB70224AF1FE008A39EE /* Main.storyboard */; };
		2DDECB73224AF205008A39EE /* Planescape.jpg in Resources */ = {isa = PBXBuildFile; fileRef = 2DDECB72224AF205008A39EE /* Planescape.jpg */; };
/* End PBXBuildFile section */

/* Begin PBXFileReference section */
		2DDECB53224AF188008A39EE /* Captioned2.app */ = {isa = PBXFileReference; explicitFileType = wrapper.application; includeInIndex = 0; path = Captioned2.app; sourceTree = BUILT_PRODUCTS_DIR; };
		2DDECB5D224AF188008A39EE /* Assets.xcassets */ = {isa = PBXFileReference; lastKnownFileType = folder.assetcatalog; path = Assets.xcassets; sourceTree = "<group>"; };
		2DDECB60224AF188008A39EE /* Base */ = {isa = PBXFileReference; lastKnownFileType = file.storyboard; name = Base; path = Base.lproj/LaunchScreen.storyboard; sourceTree = "<group>"; };
		2DDECB62224AF188008A39EE /* Info.plist */ = {isa = PBXFileReference; lastKnownFileType = text.plist.xml; path = Info.plist; sourceTree = "<group>"; };
		2DDECB68224AF1B2008A39EE /* AppDelegate.swift */ = {isa = PBXFileReference; fileEncoding = 4; lastKnownFileType = sourcecode.swift; name = AppDelegate.swift; path = ../../Captioned/Captioned/AppDelegate.swift; sourceTree = "<group>"; };
		2DDECB6A224AF1DD008A39EE /* ViewController.swift */ = {isa = PBXFileReference; fileEncoding = 4; lastKnownFileType = sourcecode.swift; path = ViewController.swift; sourceTree = "<group>"; };
		2DDECB6C224AF1F2008A39EE /* DetailViewController.swift */ = {isa = PBXFileReference; fileEncoding = 4; lastKnownFileType = sourcecode.swift; path = DetailViewController.swift; sourceTree = "<group>"; };
		2DDECB6E224AF1FA008A39EE /* Picture.swift */ = {isa = PBXFileReference; fileEncoding = 4; lastKnownFileType = sourcecode.swift; path = Picture.swift; sourceTree = "<group>"; };
		2DDECB70224AF1FE008A39EE /* Main.storyboard */ = {isa = PBXFileReference; fileEncoding = 4; lastKnownFileType = file.storyboard; path = Main.storyboard; sourceTree = "<group>"; };
		2DDECB72224AF205008A39EE /* Planescape.jpg */ = {isa = PBXFileReference; lastKnownFileType = image.jpeg; path = Planescape.jpg; sourceTree = "<group>"; };
/* End PBXFileReference section */

/* Begin PBXFrameworksBuildPhase section */
		2DDECB50224AF188008A39EE /* Frameworks */ = {
			isa = PBXFrameworksBuildPhase;
			buildActionMask = 2147483647;
			files = (
			);
			runOnlyForDeploymentPostprocessing = 0;
		};
/* End PBXFrameworksBuildPhase section */

/* Begin PBXGroup section */
		2DDECB4A224AF188008A39EE = {
			isa = PBXGroup;
			children = (
				2DDECB55224AF188008A39EE /* Captioned2 */,
				2DDECB54224AF188008A39EE /* Products */,
			);
			sourceTree = "<group>";
		};
		2DDECB54224AF188008A39EE /* Products */ = {
			isa = PBXGroup;
			children = (
				2DDECB53224AF188008A39EE /* Captioned2.app */,
			);
			name = Products;
			sourceTree = "<group>";
		};
		2DDECB55224AF188008A39EE /* Captioned2 */ = {
			isa = PBXGroup;
			children = (
				2DDECB68224AF1B2008A39EE /* AppDelegate.swift */,
				2DDECB6A224AF1DD008A39EE /* ViewController.swift */,
				2DDECB6C224AF1F2008A39EE /* DetailViewController.swift */,
				2DDECB6E224AF1FA008A39EE /* Picture.swift */,
				2DDECB70224AF1FE008A39EE /* Main.storyboard */,
				2DDECB5D224AF188008A39EE /* Assets.xcassets */,
				2DDECB5F224AF188008A39EE /* LaunchScreen.storyboard */,
				2DDECB62224AF188008A39EE /* Info.plist */,
				2DDECB72224AF205008A39EE /* Planescape.jpg */,
			);
			path = Captioned2;
			sourceTree = "<group>";
		};
/* End PBXGroup section */

/* Begin PBXNativeTarget section */
		2DDECB52224AF188008A39EE /* Captioned2 */ = {
			isa = PBXNativeTarget;
			buildConfigurationList = 2DDECB65224AF188008A39EE /* Build configuration list for PBXNativeTarget "Captioned2" */;
			buildPhases = (
				2DDECB4F224AF188008A39EE /* Sources */,
				2DDECB50224AF188008A39EE /* Frameworks */,
				2DDECB51224AF188008A39EE /* Resources */,
			);
			buildRules = (
			);
			dependencies = (
			);
			name = Captioned2;
			productName = Captioned2;
			productReference = 2DDECB53224AF188008A39EE /* Captioned2.app */;
			productType = "com.apple.product-type.application";
		};
/* End PBXNativeTarget section */

/* Begin PBXProject section */
		2DDECB4B224AF188008A39EE /* Project object */ = {
			isa = PBXProject;
			attributes = {
				LastSwiftUpdateCheck = 1010;
				LastUpgradeCheck = 1010;
				ORGANIZATIONNAME = "Michele Galvagno";
				TargetAttributes = {
					2DDECB52224AF188008A39EE = {
						CreatedOnToolsVersion = 10.1;
					};
				};
			};
			buildConfigurationList = 2DDECB4E224AF188008A39EE /* Build configuration list for PBXProject "Captioned2" */;
			compatibilityVersion = "Xcode 9.3";
			developmentRegion = en;
			hasScannedForEncodings = 0;
			knownRegions = (
				en,
				Base,
			);
			mainGroup = 2DDECB4A224AF188008A39EE;
			productRefGroup = 2DDECB54224AF188008A39EE /* Products */;
			projectDirPath = "";
			projectRoot = "";
			targets = (
				2DDECB52224AF188008A39EE /* Captioned2 */,
			);
		};
/* End PBXProject section */

/* Begin PBXResourcesBuildPhase section */
		2DDECB51224AF188008A39EE /* Resources */ = {
			isa = PBXResourcesBuildPhase;
			buildActionMask = 2147483647;
			files = (
				2DDECB71224AF1FE008A39EE /* Main.storyboard in Resources */,
				2DDECB73224AF205008A39EE /* Planescape.jpg in Resources */,
				2DDECB61224AF188008A39EE /* LaunchScreen.storyboard in Resources */,
				2DDECB5E224AF188008A39EE /* Assets.xcassets in Resources */,
			);
			runOnlyForDeploymentPostprocessing = 0;
		};
/* End PBXResourcesBuildPhase section */

/* Begin PBXSourcesBuildPhase section */
		2DDECB4F224AF188008A39EE /* Sources */ = {
			isa = PBXSourcesBuildPhase;
			buildActionMask = 2147483647;
			files = (
				2DDECB6F224AF1FA008A39EE /* Picture.swift in Sources */,
				2DDECB6D224AF1F2008A39EE /* DetailViewController.swift in Sources */,
				2DDECB6B224AF1DD008A39EE /* ViewController.swift in Sources */,
				2DDECB69224AF1B2008A39EE /* AppDelegate.swift in Sources */,
			);
			runOnlyForDeploymentPostprocessing = 0;
		};
/* End PBXSourcesBuildPhase section */

/* Begin PBXVariantGroup section */
		2DDECB5F224AF188008A39EE /* LaunchScreen.storyboard */ = {
			isa = PBXVariantGroup;
			children = (
				2DDECB60224AF188008A39EE /* Base */,
			);
			name = LaunchScreen.storyboard;
			sourceTree = "<group>";
		};
/* End PBXVariantGroup section */

/* Begin XCBuildConfiguration section */
		2DDECB63224AF188008A39EE /* Debug */ = {
			isa = XCBuildConfiguration;
			buildSettings = {
				ALWAYS_SEARCH_USER_PATHS = NO;
				CLANG_ANALYZER_NONNULL = YES;
				CLANG_ANALYZER_NUMBER_OBJECT_CONVERSION = YES_AGGRESSIVE;
				CLANG_CXX_LANGUAGE_STANDARD = "gnu++14";
				CLANG_CXX_LIBRARY = "libc++";
				CLANG_ENABLE_MODULES = YES;
				CLANG_ENABLE_OBJC_ARC = YES;
				CLANG_ENABLE_OBJC_WEAK = YES;
				CLANG_WARN_BLOCK_CAPTURE_AUTORELEASING = YES;
				CLANG_WARN_BOOL_CONVERSION = YES;
				CLANG_WARN_COMMA = YES;
				CLANG_WARN_CONSTANT_CONVERSION = YES;
				CLANG_WARN_DEPRECATED_OBJC_IMPLEMENTATIONS = YES;
				CLANG_WARN_DIRECT_OBJC_ISA_USAGE = YES_ERROR;
				CLANG_WARN_DOCUMENTATION_COMMENTS = YES;
				CLANG_WARN_EMPTY_BODY = YES;
				CLANG_WARN_ENUM_CONVERSION = YES;
				CLANG_WARN_INFINITE_RECURSION = YES;
				CLANG_WARN_INT_CONVERSION = YES;
				CLANG_WARN_NON_LITERAL_NULL_CONVERSION = YES;
				CLANG_WARN_OBJC_IMPLICIT_RETAIN_SELF = YES;
				CLANG_WARN_OBJC_LITERAL_CONVERSION = YES;
				CLANG_WARN_OBJC_ROOT_CLASS = YES_ERROR;
				CLANG_WARN_RANGE_LOOP_ANALYSIS = YES;
				CLANG_WARN_STRICT_PROTOTYPES = YES;
				CLANG_WARN_SUSPICIOUS_MOVE = YES;
				CLANG_WARN_UNGUARDED_AVAILABILITY = YES_AGGRESSIVE;
				CLANG_WARN_UNREACHABLE_CODE = YES;
				CLANG_WARN__DUPLICATE_METHOD_MATCH = YES;
				CODE_SIGN_IDENTITY = "iPhone Developer";
				COPY_PHASE_STRIP = NO;
				DEBUG_INFORMATION_FORMAT = dwarf;
				ENABLE_STRICT_OBJC_MSGSEND = YES;
				ENABLE_TESTABILITY = YES;
				GCC_C_LANGUAGE_STANDARD = gnu11;
				GCC_DYNAMIC_NO_PIC = NO;
				GCC_NO_COMMON_BLOCKS = YES;
				GCC_OPTIMIZATION_LEVEL = 0;
				GCC_PREPROCESSOR_DEFINITIONS = (
					"DEBUG=1",
					"$(inherited)",
				);
				GCC_WARN_64_TO_32_BIT_CONVERSION = YES;
				GCC_WARN_ABOUT_RETURN_TYPE = YES_ERROR;
				GCC_WARN_UNDECLARED_SELECTOR = YES;
				GCC_WARN_UNINITIALIZED_AUTOS = YES_AGGRESSIVE;
				GCC_WARN_UNUSED_FUNCTION = YES;
				GCC_WARN_UNUSED_VARIABLE = YES;
				IPHONEOS_DEPLOYMENT_TARGET = 12.1;
				MTL_ENABLE_DEBUG_INFO = INCLUDE_SOURCE;
				MTL_FAST_MATH = YES;
				ONLY_ACTIVE_ARCH = YES;
				SDKROOT = iphoneos;
				SWIFT_ACTIVE_COMPILATION_CONDITIONS = DEBUG;
				SWIFT_OPTIMIZATION_LEVEL = "-Onone";
			};
			name = Debug;
		};
		2DDECB64224AF188008A39EE /* Release */ = {
			isa = XCBuildConfiguration;
			buildSettings = {
				ALWAYS_SEARCH_USER_PATHS = NO;
				CLANG_ANALYZER_NONNULL = YES;
				CLANG_ANALYZER_NUMBER_OBJECT_CONVERSION = YES_AGGRESSIVE;
				CLANG_CXX_LANGUAGE_STANDARD = "gnu++14";
				CLANG_CXX_LIBRARY = "libc++";
				CLANG_ENABLE_MODULES = YES;
				CLANG_ENABLE_OBJC_ARC = YES;
				CLANG_ENABLE_OBJC_WEAK = YES;
				CLANG_WARN_BLOCK_CAPTURE_AUTORELEASING = YES;
				CLANG_WARN_BOOL_CONVERSION = YES;
				CLANG_WARN_COMMA = YES;
				CLANG_WARN_CONSTANT_CONVERSION = YES;
				CLANG_WARN_DEPRECATED_OBJC_IMPLEMENTATIONS = YES;
				CLANG_WARN_DIRECT_OBJC_ISA_USAGE = YES_ERROR;
				CLANG_WARN_DOCUMENTATION_COMMENTS = YES;
				CLANG_WARN_EMPTY_BODY = YES;
				CLANG_WARN_ENUM_CONVERSION = YES;
				CLANG_WARN_INFINITE_RECURSION = YES;
				CLANG_WARN_INT_CONVERSION = YES;
				CLANG_WARN_NON_LITERAL_NULL_CONVERSION = YES;
				CLANG_WARN_OBJC_IMPLICIT_RETAIN_SELF = YES;
				CLANG_WARN_OBJC_LITERAL_CONVERSION = YES;
				CLANG_WARN_OBJC_ROOT_CLASS = YES_ERROR;
				CLANG_WARN_RANGE_LOOP_ANALYSIS = YES;
				CLANG_WARN_STRICT_PROTOTYPES = YES;
				CLANG_WARN_SUSPICIOUS_MOVE = YES;
				CLANG_WARN_UNGUARDED_AVAILABILITY = YES_AGGRESSIVE;
				CLANG_WARN_UNREACHABLE_CODE = YES;
				CLANG_WARN__DUPLICATE_METHOD_MATCH = YES;
				CODE_SIGN_IDENTITY = "iPhone Developer";
				COPY_PHASE_STRIP = NO;
				DEBUG_INFORMATION_FORMAT = "dwarf-with-dsym";
				ENABLE_NS_ASSERTIONS = NO;
				ENABLE_STRICT_OBJC_MSGSEND = YES;
				GCC_C_LANGUAGE_STANDARD = gnu11;
				GCC_NO_COMMON_BLOCKS = YES;
				GCC_WARN_64_TO_32_BIT_CONVERSION = YES;
				GCC_WARN_ABOUT_RETURN_TYPE = YES_ERROR;
				GCC_WARN_UNDECLARED_SELECTOR = YES;
				GCC_WARN_UNINITIALIZED_AUTOS = YES_AGGRESSIVE;
				GCC_WARN_UNUSED_FUNCTION = YES;
				GCC_WARN_UNUSED_VARIABLE = YES;
				IPHONEOS_DEPLOYMENT_TARGET = 12.1;
				MTL_ENABLE_DEBUG_INFO = NO;
				MTL_FAST_MATH = YES;
				SDKROOT = iphoneos;
				SWIFT_COMPILATION_MODE = wholemodule;
				SWIFT_OPTIMIZATION_LEVEL = "-O";
				VALIDATE_PRODUCT = YES;
			};
			name = Release;
		};
		2DDECB66224AF188008A39EE /* Debug */ = {
			isa = XCBuildConfiguration;
			buildSettings = {
				ASSETCATALOG_COMPILER_APPICON_NAME = AppIcon;
				CODE_SIGN_STYLE = Automatic;
				DEVELOPMENT_TEAM = 68Z4323Q26;
				INFOPLIST_FILE = Captioned2/Info.plist;
				LD_RUNPATH_SEARCH_PATHS = (
					"$(inherited)",
					"@executable_path/Frameworks",
				);
				PRODUCT_BUNDLE_IDENTIFIER = com.michelegalvagno.Captioned2;
				PRODUCT_NAME = "$(TARGET_NAME)";
				SWIFT_VERSION = 4.2;
				TARGETED_DEVICE_FAMILY = "1,2";
			};
			name = Debug;
		};
		2DDECB67224AF188008A39EE /* Release */ = {
			isa = XCBuildConfiguration;
			buildSettings = {
				ASSETCATALOG_COMPILER_APPICON_NAME = AppIcon;
				CODE_SIGN_STYLE = Automatic;
				DEVELOPMENT_TEAM = 68Z4323Q26;
				INFOPLIST_FILE = Captioned2/Info.plist;
				LD_RUNPATH_SEARCH_PATHS = (
					"$(inherited)",
					"@executable_path/Frameworks",
				);
				PRODUCT_BUNDLE_IDENTIFIER = com.michelegalvagno.Captioned2;
				PRODUCT_NAME = "$(TARGET_NAME)";
				SWIFT_VERSION = 4.2;
				TARGETED_DEVICE_FAMILY = "1,2";
			};
			name = Release;
		};
/* End XCBuildConfiguration section */

/* Begin XCConfigurationList section */
		2DDECB4E224AF188008A39EE /* Build configuration list for PBXProject "Captioned2" */ = {
			isa = XCConfigurationList;
			buildConfigurations = (
				2DDECB63224AF188008A39EE /* Debug */,
				2DDECB64224AF188008A39EE /* Release */,
			);
			defaultConfigurationIsVisible = 0;
			defaultConfigurationName = Release;
		};
		2DDECB65224AF188008A39EE /* Build configuration list for PBXNativeTarget "Captioned2" */ = {
			isa = XCConfigurationList;
			buildConfigurations = (
				2DDECB66224AF188008A39EE /* Debug */,
				2DDECB67224AF188008A39EE /* Release */,
			);
			defaultConfigurationIsVisible = 0;
			defaultConfigurationName = Release;
		};
/* End XCConfigurationList section */
	};
	rootObject = 2DDECB4B224AF188008A39EE /* Project object */;
}
